Microsoft Visual Studio Solution File, Format Version 12.00
# Visual Studio Version 17
VisualStudioVersion = 17.13.35825.156
MinimumVisualStudioVersion = 10.0.40219.1
Project("{FAE04EC0-301F-11D3-BF4B-00C04F79EFBC}") = "Ropa_Segunda", "Ropa_Segunda\Ropa_Segunda.csproj", "{03D5742D-D780-4E8F-B75F-DAC2E4D9BDF4}"
EndProject
Global
	GlobalSection(SolutionConfigurationPlatforms) = preSolution
		Debug|Any CPU = Debug|Any CPU
		Release|Any CPU = Release|Any CPU
	EndGlobalSection
	GlobalSection(ProjectConfigurationPlatforms) = postSolution
		{03D5742D-D780-4E8F-B75F-DAC2E4D9BDF4}.Debug|Any CPU.ActiveCfg = Debug|Any CPU
		{03D5742D-D780-4E8F-B75F-DAC2E4D9BDF4}.Debug|Any CPU.Build.0 = Debug|Any CPU
		{03D5742D-D780-4E8F-B75F-DAC2E4D9BDF4}.Release|Any CPU.ActiveCfg = Release|Any CPU
		{03D5742D-D780-4E8F-B75F-DAC2E4D9BDF4}.Release|Any CPU.Build.0 = Release|Any CPU
	EndGlobalSection
	GlobalSection(SolutionProperties) = preSolution
		HideSolutionNode = FALSE
	EndGlobalSection
	GlobalSection(ExtensibilityGlobals) = postSolution
		SolutionGuid = {4747FCF6-06B8-409F-840A-8A15E3249BB8}
	EndGlobalSection
EndGlobal
